// !$*UTF8*$!
{
	archiveVersion = 1;
	classes = {
	};
	objectVersion = 46;
	objects = {

/* Begin PBXBuildFile section */
		A66F0ABE41C1BB4C4128B5F0 /* Pods_SwiftMars.framework in Frameworks */ = {isa = PBXBuildFile; fileRef = A62FAE41BC5D900F92F3307E /* Pods_SwiftMars.framework */; };
		D60AE5061E2395E800A854B6 /* AppDelegate.swift in Sources */ = {isa = PBXBuildFile; fileRef = D60AE5051E2395E800A854B6 /* AppDelegate.swift */; };
		D60AE50D1E2395E800A854B6 /* Assets.xcassets in Resources */ = {isa = PBXBuildFile; fileRef = D60AE50C1E2395E800A854B6 /* Assets.xcassets */; };
		D60AE5101E2395E800A854B6 /* LaunchScreen.storyboard in Resources */ = {isa = PBXBuildFile; fileRef = D60AE50E1E2395E800A854B6 /* LaunchScreen.storyboard */; };
		D6574F641E24F18600626A97 /* BasicViewController.swift in Sources */ = {isa = PBXBuildFile; fileRef = D6574F631E24F18600626A97 /* BasicViewController.swift */; };
		D6574F661E24F2F300626A97 /* MarsMacro.swift in Sources */ = {isa = PBXBuildFile; fileRef = D6574F651E24F2F300626A97 /* MarsMacro.swift */; };
		D6574F681E24F73800626A97 /* BasicEngine.swift in Sources */ = {isa = PBXBuildFile; fileRef = D6574F671E24F73800626A97 /* BasicEngine.swift */; };
		D68AAF001E88C6CA00A4F341 /* InstagramApi.swift in Sources */ = {isa = PBXBuildFile; fileRef = D68AAEFF1E88C6CA00A4F341 /* InstagramApi.swift */; };
		D68AAF031E88E5E700A4F341 /* ErrorInfo.swift in Sources */ = {isa = PBXBuildFile; fileRef = D68AAF021E88E5E700A4F341 /* ErrorInfo.swift */; };
		D68AAF061E88F58C00A4F341 /* Model.swift in Sources */ = {isa = PBXBuildFile; fileRef = D68AAF051E88F58C00A4F341 /* Model.swift */; };
		D68AAF081E88F5F600A4F341 /* TouTiaoEngine.swift in Sources */ = {isa = PBXBuildFile; fileRef = D68AAF071E88F5F600A4F341 /* TouTiaoEngine.swift */; };
		D68AAF0D1E8917D200A4F341 /* InstgramOauthViewController.swift in Sources */ = {isa = PBXBuildFile; fileRef = D68AAF0C1E8917D200A4F341 /* InstgramOauthViewController.swift */; };
/* End PBXBuildFile section */

/* Begin PBXFileReference section */
		8B662D755B8C1A63F52E0203 /* Pods-SwiftMars.debug.xcconfig */ = {isa = PBXFileReference; includeInIndex = 1; lastKnownFileType = text.xcconfig; name = "Pods-SwiftMars.debug.xcconfig"; path = "Pods/Target Support Files/Pods-SwiftMars/Pods-SwiftMars.debug.xcconfig"; sourceTree = "<group>"; };
		A62FAE41BC5D900F92F3307E /* Pods_SwiftMars.framework */ = {isa = PBXFileReference; explicitFileType = wrapper.framework; includeInIndex = 0; path = Pods_SwiftMars.framework; sourceTree = BUILT_PRODUCTS_DIR; };
		D60AE5021E2395E800A854B6 /* SwiftMars.app */ = {isa = PBXFileReference; explicitFileType = wrapper.application; includeInIndex = 0; path = SwiftMars.app; sourceTree = BUILT_PRODUCTS_DIR; };
		D60AE5051E2395E800A854B6 /* AppDelegate.swift */ = {isa = PBXFileReference; lastKnownFileType = sourcecode.swift; name = AppDelegate.swift; path = ../../AppDelegate.swift; sourceTree = "<group>"; };
		D60AE50C1E2395E800A854B6 /* Assets.xcassets */ = {isa = PBXFileReference; lastKnownFileType = folder.assetcatalog; name = Assets.xcassets; path = ../Assets.xcassets; sourceTree = "<group>"; };
		D60AE50F1E2395E800A854B6 /* Base */ = {isa = PBXFileReference; lastKnownFileType = file.storyboard; name = Base; path = Base.lproj/LaunchScreen.storyboard; sourceTree = "<group>"; };
		D60AE5111E2395E800A854B6 /* Info.plist */ = {isa = PBXFileReference; lastKnownFileType = text.plist.xml; name = Info.plist; path = ../Info.plist; sourceTree = "<group>"; };
		D60AE5211E239EF400A854B6 /* SwiftTour.playground */ = {isa = PBXFileReference; lastKnownFileType = file.playground; path = SwiftTour.playground; sourceTree = "<group>"; };
		D60AE5221E24ABAC00A854B6 /* ControlTour.playground */ = {isa = PBXFileReference; lastKnownFileType = file.playground; path = ControlTour.playground; sourceTree = "<group>"; };
		D6574F631E24F18600626A97 /* BasicViewController.swift */ = {isa = PBXFileReference; fileEncoding = 4; lastKnownFileType = sourcecode.swift; path = BasicViewController.swift; sourceTree = "<group>"; };
		D6574F651E24F2F300626A97 /* MarsMacro.swift */ = {isa = PBXFileReference; fileEncoding = 4; lastKnownFileType = sourcecode.swift; path = MarsMacro.swift; sourceTree = "<group>"; };
		D6574F671E24F73800626A97 /* BasicEngine.swift */ = {isa = PBXFileReference; fileEncoding = 4; lastKnownFileType = sourcecode.swift; name = BasicEngine.swift; path = SwiftMars/Application/Network/BasicEngine.swift; sourceTree = SOURCE_ROOT; };
		D6574F6B1E25D87C00626A97 /* OptionalType.playground */ = {isa = PBXFileReference; lastKnownFileType = file.playground; path = OptionalType.playground; sourceTree = "<group>"; };
		D660D8A61E5BE28B00F78915 /* BasicPart.playground */ = {isa = PBXFileReference; lastKnownFileType = file.playground; path = BasicPart.playground; sourceTree = "<group>"; };
		D660D8A71E5C4B0700F78915 /* Operator.playground */ = {isa = PBXFileReference; lastKnownFileType = file.playground; path = Operator.playground; sourceTree = "<group>"; };
		D6873F5C1E24E6E400017908 /* Function.playground */ = {isa = PBXFileReference; lastKnownFileType = file.playground; path = Function.playground; sourceTree = "<group>"; };
		D68AAEFF1E88C6CA00A4F341 /* InstagramApi.swift */ = {isa = PBXFileReference; fileEncoding = 4; lastKnownFileType = sourcecode.swift; path = InstagramApi.swift; sourceTree = "<group>"; };
		D68AAF021E88E5E700A4F341 /* ErrorInfo.swift */ = {isa = PBXFileReference; fileEncoding = 4; lastKnownFileType = sourcecode.swift; path = ErrorInfo.swift; sourceTree = "<group>"; };
		D68AAF051E88F58C00A4F341 /* Model.swift */ = {isa = PBXFileReference; fileEncoding = 4; lastKnownFileType = sourcecode.swift; path = Model.swift; sourceTree = "<group>"; };
		D68AAF071E88F5F600A4F341 /* TouTiaoEngine.swift */ = {isa = PBXFileReference; fileEncoding = 4; lastKnownFileType = sourcecode.swift; path = TouTiaoEngine.swift; sourceTree = "<group>"; };
		D68AAF0C1E8917D200A4F341 /* InstgramOauthViewController.swift */ = {isa = PBXFileReference; fileEncoding = 4; lastKnownFileType = sourcecode.swift; path = InstgramOauthViewController.swift; sourceTree = "<group>"; };
		EE820D739321FF644A4D0F71 /* Pods-SwiftMars.release.xcconfig */ = {isa = PBXFileReference; includeInIndex = 1; lastKnownFileType = text.xcconfig; name = "Pods-SwiftMars.release.xcconfig"; path = "Pods/Target Support Files/Pods-SwiftMars/Pods-SwiftMars.release.xcconfig"; sourceTree = "<group>"; };
/* End PBXFileReference section */

/* Begin PBXFrameworksBuildPhase section */
		D60AE4FF1E2395E800A854B6 /* Frameworks */ = {
			isa = PBXFrameworksBuildPhase;
			buildActionMask = 2147483647;
			files = (
				A66F0ABE41C1BB4C4128B5F0 /* Pods_SwiftMars.framework in Frameworks */,
			);
			runOnlyForDeploymentPostprocessing = 0;
		};
/* End PBXFrameworksBuildPhase section */

/* Begin PBXGroup section */
		3A83C390D80F7A74DA19317D /* Frameworks */ = {
			isa = PBXGroup;
			children = (
				A62FAE41BC5D900F92F3307E /* Pods_SwiftMars.framework */,
			);
			name = Frameworks;
			sourceTree = "<group>";
		};
		D60AE4F91E2395E800A854B6 = {
			isa = PBXGroup;
			children = (
				D60AE5031E2395E800A854B6 /* Products */,
				D60AE5201E239B1E00A854B6 /* SwiftDiscover */,
				D60AE5041E2395E800A854B6 /* SwiftMars */,
				E0DAD55FB9E08BA6DDC2FFF1 /* Pods */,
				3A83C390D80F7A74DA19317D /* Frameworks */,
			);
			sourceTree = "<group>";
		};
		D60AE5031E2395E800A854B6 /* Products */ = {
			isa = PBXGroup;
			children = (
				D60AE5021E2395E800A854B6 /* SwiftMars.app */,
			);
			name = Products;
			sourceTree = "<group>";
		};
		D60AE5041E2395E800A854B6 /* SwiftMars */ = {
			isa = PBXGroup;
			children = (
				D60AE5171E2398E900A854B6 /* Application */,
				D60AE51F1E239A6200A854B6 /* Library */,
				D60AE51E1E239A3F00A854B6 /* Resource */,
			);
			path = SwiftMars;
			sourceTree = "<group>";
		};
		D60AE5171E2398E900A854B6 /* Application */ = {
			isa = PBXGroup;
			children = (
				D60AE51C1E2399A100A854B6 /* App */,
				D60AE51A1E23990700A854B6 /* Data */,
				D60AE51D1E2399AB00A854B6 /* Define */,
				D60AE5191E2398FF00A854B6 /* Model */,
				D60AE51B1E23991000A854B6 /* Network */,
				D60AE5181E2398F400A854B6 /* UI */,
			);
			path = Application;
			sourceTree = "<group>";
		};
		D60AE5181E2398F400A854B6 /* UI */ = {
			isa = PBXGroup;
			children = (
				D68AAF0B1E8917C200A4F341 /* OAuth */,
				D6574F631E24F18600626A97 /* BasicViewController.swift */,
			);
			path = UI;
			sourceTree = "<group>";
		};
		D60AE5191E2398FF00A854B6 /* Model */ = {
			isa = PBXGroup;
			children = (
				D68AAF021E88E5E700A4F341 /* ErrorInfo.swift */,
				D68AAF051E88F58C00A4F341 /* Model.swift */,
			);
			path = Model;
			sourceTree = "<group>";
		};
		D60AE51A1E23990700A854B6 /* Data */ = {
			isa = PBXGroup;
			children = (
			);
			path = Data;
			sourceTree = "<group>";
		};
		D60AE51B1E23991000A854B6 /* Network */ = {
			isa = PBXGroup;
			children = (
				D68AAF041E88F57B00A4F341 /* Toutiao */,
				D68AAEFE1E88C6A300A4F341 /* Instagram */,
				D6574F691E24F74300626A97 /* Basic */,
			);
			path = Network;
			sourceTree = "<group>";
		};
		D60AE51C1E2399A100A854B6 /* App */ = {
			isa = PBXGroup;
			children = (
				D60AE5051E2395E800A854B6 /* AppDelegate.swift */,
			);
			path = App;
			sourceTree = "<group>";
		};
		D60AE51D1E2399AB00A854B6 /* Define */ = {
			isa = PBXGroup;
			children = (
				D6574F651E24F2F300626A97 /* MarsMacro.swift */,
			);
			path = Define;
			sourceTree = "<group>";
		};
		D60AE51E1E239A3F00A854B6 /* Resource */ = {
			isa = PBXGroup;
			children = (
				D60AE50C1E2395E800A854B6 /* Assets.xcassets */,
				D60AE5111E2395E800A854B6 /* Info.plist */,
				D60AE50E1E2395E800A854B6 /* LaunchScreen.storyboard */,
			);
			path = Resource;
			sourceTree = "<group>";
		};
		D60AE51F1E239A6200A854B6 /* Library */ = {
			isa = PBXGroup;
			children = (
			);
			path = Library;
			sourceTree = "<group>";
		};
		D60AE5201E239B1E00A854B6 /* SwiftDiscover */ = {
			isa = PBXGroup;
			children = (
				D660D8A51E5BE27200F78915 /* Basic */,
				D6873F5C1E24E6E400017908 /* Function.playground */,
				D60AE5211E239EF400A854B6 /* SwiftTour.playground */,
				D60AE5221E24ABAC00A854B6 /* ControlTour.playground */,
				D6574F6B1E25D87C00626A97 /* OptionalType.playground */,
			);
			path = SwiftDiscover;
			sourceTree = "<group>";
		};
		D6574F691E24F74300626A97 /* Basic */ = {
			isa = PBXGroup;
			children = (
				D6574F671E24F73800626A97 /* BasicEngine.swift */,
			);
			path = Basic;
			sourceTree = "<group>";
		};
		D660D8A51E5BE27200F78915 /* Basic */ = {
			isa = PBXGroup;
			children = (
				D660D8A61E5BE28B00F78915 /* BasicPart.playground */,
				D660D8A71E5C4B0700F78915 /* Operator.playground */,
			);
			path = Basic;
			sourceTree = "<group>";
		};
		D68AAEFE1E88C6A300A4F341 /* Instagram */ = {
			isa = PBXGroup;
			children = (
				D68AAEFF1E88C6CA00A4F341 /* InstagramApi.swift */,
			);
			path = Instagram;
			sourceTree = "<group>";
		};
		D68AAF041E88F57B00A4F341 /* Toutiao */ = {
			isa = PBXGroup;
			children = (
				D68AAF071E88F5F600A4F341 /* TouTiaoEngine.swift */,
			);
			path = Toutiao;
			sourceTree = "<group>";
		};
		D68AAF0B1E8917C200A4F341 /* OAuth */ = {
			isa = PBXGroup;
			children = (
				D68AAF0C1E8917D200A4F341 /* InstgramOauthViewController.swift */,
			);
			path = OAuth;
			sourceTree = "<group>";
		};
		E0DAD55FB9E08BA6DDC2FFF1 /* Pods */ = {
			isa = PBXGroup;
			children = (
				8B662D755B8C1A63F52E0203 /* Pods-SwiftMars.debug.xcconfig */,
				EE820D739321FF644A4D0F71 /* Pods-SwiftMars.release.xcconfig */,
			);
			name = Pods;
			sourceTree = "<group>";
		};
/* End PBXGroup section */

/* Begin PBXNativeTarget section */
		D60AE5011E2395E800A854B6 /* SwiftMars */ = {
			isa = PBXNativeTarget;
			buildConfigurationList = D60AE5141E2395E800A854B6 /* Build configuration list for PBXNativeTarget "SwiftMars" */;
			buildPhases = (
				9E1876CC8E4F261EC81442AE /* [CP] Check Pods Manifest.lock */,
				D60AE4FE1E2395E800A854B6 /* Sources */,
				D60AE4FF1E2395E800A854B6 /* Frameworks */,
				D60AE5001E2395E800A854B6 /* Resources */,
				B2DE91A3D43E66BD235C8A7E /* [CP] Embed Pods Frameworks */,
				138FC14D093B48E5269BAD72 /* [CP] Copy Pods Resources */,
			);
			buildRules = (
			);
			dependencies = (
			);
			name = SwiftMars;
			productName = SwiftMars;
			productReference = D60AE5021E2395E800A854B6 /* SwiftMars.app */;
			productType = "com.apple.product-type.application";
		};
/* End PBXNativeTarget section */

/* Begin PBXProject section */
		D60AE4FA1E2395E800A854B6 /* Project object */ = {
			isa = PBXProject;
			attributes = {
				LastSwiftUpdateCheck = 0810;
				LastUpgradeCheck = 0810;
				ORGANIZATIONNAME = chenkai;
				TargetAttributes = {
					D60AE5011E2395E800A854B6 = {
						CreatedOnToolsVersion = 8.1;
						DevelopmentTeam = HD29GU94HU;
						ProvisioningStyle = Automatic;
					};
				};
			};
			buildConfigurationList = D60AE4FD1E2395E800A854B6 /* Build configuration list for PBXProject "SwiftMars" */;
			compatibilityVersion = "Xcode 3.2";
			developmentRegion = English;
			hasScannedForEncodings = 0;
			knownRegions = (
				en,
				Base,
			);
			mainGroup = D60AE4F91E2395E800A854B6;
			productRefGroup = D60AE5031E2395E800A854B6 /* Products */;
			projectDirPath = "";
			projectRoot = "";
			targets = (
				D60AE5011E2395E800A854B6 /* SwiftMars */,
			);
		};
/* End PBXProject section */

/* Begin PBXResourcesBuildPhase section */
		D60AE5001E2395E800A854B6 /* Resources */ = {
			isa = PBXResourcesBuildPhase;
			buildActionMask = 2147483647;
			files = (
				D60AE5101E2395E800A854B6 /* LaunchScreen.storyboard in Resources */,
				D60AE50D1E2395E800A854B6 /* Assets.xcassets in Resources */,
			);
			runOnlyForDeploymentPostprocessing = 0;
		};
/* End PBXResourcesBuildPhase section */

/* Begin PBXShellScriptBuildPhase section */
		138FC14D093B48E5269BAD72 /* [CP] Copy Pods Resources */ = {
			isa = PBXShellScriptBuildPhase;
			buildActionMask = 2147483647;
			files = (
			);
			inputPaths = (
			);
			name = "[CP] Copy Pods Resources";
			outputPaths = (
			);
			runOnlyForDeploymentPostprocessing = 0;
			shellPath = /bin/sh;
			shellScript = "\"${SRCROOT}/Pods/Target Support Files/Pods-SwiftMars/Pods-SwiftMars-resources.sh\"\n";
			showEnvVarsInLog = 0;
		};
		9E1876CC8E4F261EC81442AE /* [CP] Check Pods Manifest.lock */ = {
			isa = PBXShellScriptBuildPhase;
			buildActionMask = 2147483647;
			files = (
			);
			inputPaths = (
			);
			name = "[CP] Check Pods Manifest.lock";
			outputPaths = (
			);
			runOnlyForDeploymentPostprocessing = 0;
			shellPath = /bin/sh;
			shellScript = "diff \"${PODS_PODFILE_DIR_PATH}/Podfile.lock\" \"${PODS_ROOT}/Manifest.lock\" > /dev/null\nif [ $? != 0 ] ; then\n    # print error to STDERR\n    echo \"error: The sandbox is not in sync with the Podfile.lock. Run 'pod install' or update your CocoaPods installation.\" >&2\n    exit 1\nfi\n";
			showEnvVarsInLog = 0;
		};
		B2DE91A3D43E66BD235C8A7E /* [CP] Embed Pods Frameworks */ = {
			isa = PBXShellScriptBuildPhase;
			buildActionMask = 2147483647;
			files = (
			);
			inputPaths = (
			);
			name = "[CP] Embed Pods Frameworks";
			outputPaths = (
			);
			runOnlyForDeploymentPostprocessing = 0;
			shellPath = /bin/sh;
			shellScript = "\"${SRCROOT}/Pods/Target Support Files/Pods-SwiftMars/Pods-SwiftMars-frameworks.sh\"\n";
			showEnvVarsInLog = 0;
		};
/* End PBXShellScriptBuildPhase section */

/* Begin PBXSourcesBuildPhase section */
		D60AE4FE1E2395E800A854B6 /* Sources */ = {
			isa = PBXSourcesBuildPhase;
			buildActionMask = 2147483647;
			files = (
				D68AAF0D1E8917D200A4F341 /* InstgramOauthViewController.swift in Sources */,
				D68AAF061E88F58C00A4F341 /* Model.swift in Sources */,
				D68AAF081E88F5F600A4F341 /* TouTiaoEngine.swift in Sources */,
				D6574F681E24F73800626A97 /* BasicEngine.swift in Sources */,
				D60AE5061E2395E800A854B6 /* AppDelegate.swift in Sources */,
				D6574F661E24F2F300626A97 /* MarsMacro.swift in Sources */,
				D68AAF001E88C6CA00A4F341 /* InstagramApi.swift in Sources */,
				D68AAF031E88E5E700A4F341 /* ErrorInfo.swift in Sources */,
				D6574F641E24F18600626A97 /* BasicViewController.swift in Sources */,
			);
			runOnlyForDeploymentPostprocessing = 0;
		};
/* End PBXSourcesBuildPhase section */

/* Begin PBXVariantGroup section */
		D60AE50E1E2395E800A854B6 /* LaunchScreen.storyboard */ = {
			isa = PBXVariantGroup;
			children = (
				D60AE50F1E2395E800A854B6 /* Base */,
			);
			name = LaunchScreen.storyboard;
			path = ..;
			sourceTree = "<group>";
		};
/* End PBXVariantGroup section */

/* Begin XCBuildConfiguration section */
		D60AE5121E2395E800A854B6 /* Debug */ = {
			isa = XCBuildConfiguration;
			buildSettings = {
				ALWAYS_SEARCH_USER_PATHS = NO;
				CLANG_ANALYZER_NONNULL = YES;
				CLANG_CXX_LANGUAGE_STANDARD = "gnu++0x";
				CLANG_CXX_LIBRARY = "libc++";
				CLANG_ENABLE_MODULES = YES;
				CLANG_ENABLE_OBJC_ARC = YES;
				CLANG_WARN_BOOL_CONVERSION = YES;
				CLANG_WARN_CONSTANT_CONVERSION = YES;
				CLANG_WARN_DIRECT_OBJC_ISA_USAGE = YES_ERROR;
				CLANG_WARN_DOCUMENTATION_COMMENTS = YES;
				CLANG_WARN_EMPTY_BODY = YES;
				CLANG_WARN_ENUM_CONVERSION = YES;
				CLANG_WARN_INFINITE_RECURSION = YES;
				CLANG_WARN_INT_CONVERSION = YES;
				CLANG_WARN_OBJC_ROOT_CLASS = YES_ERROR;
				CLANG_WARN_SUSPICIOUS_MOVES = YES;
				CLANG_WARN_UNREACHABLE_CODE = YES;
				CLANG_WARN__DUPLICATE_METHOD_MATCH = YES;
				"CODE_SIGN_IDENTITY[sdk=iphoneos*]" = "iPhone Developer";
				COPY_PHASE_STRIP = NO;
				DEBUG_INFORMATION_FORMAT = dwarf;
				ENABLE_STRICT_OBJC_MSGSEND = YES;
				ENABLE_TESTABILITY = YES;
				GCC_C_LANGUAGE_STANDARD = gnu99;
				GCC_DYNAMIC_NO_PIC = NO;
				GCC_NO_COMMON_BLOCKS = YES;
				GCC_OPTIMIZATION_LEVEL = 0;
				GCC_PREPROCESSOR_DEFINITIONS = (
					"DEBUG=1",
					"$(inherited)",
				);
				GCC_WARN_64_TO_32_BIT_CONVERSION = YES;
				GCC_WARN_ABOUT_RETURN_TYPE = YES_ERROR;
				GCC_WARN_UNDECLARED_SELECTOR = YES;
				GCC_WARN_UNINITIALIZED_AUTOS = YES_AGGRESSIVE;
				GCC_WARN_UNUSED_FUNCTION = YES;
				GCC_WARN_UNUSED_VARIABLE = YES;
				IPHONEOS_DEPLOYMENT_TARGET = 10.1;
				MTL_ENABLE_DEBUG_INFO = YES;
				ONLY_ACTIVE_ARCH = YES;
				SDKROOT = iphoneos;
				SWIFT_ACTIVE_COMPILATION_CONDITIONS = DEBUG;
				SWIFT_OPTIMIZATION_LEVEL = "-Onone";
			};
			name = Debug;
		};
		D60AE5131E2395E800A854B6 /* Release */ = {
			isa = XCBuildConfiguration;
			buildSettings = {
				ALWAYS_SEARCH_USER_PATHS = NO;
				CLANG_ANALYZER_NONNULL = YES;
				CLANG_CXX_LANGUAGE_STANDARD = "gnu++0x";
				CLANG_CXX_LIBRARY = "libc++";
				CLANG_ENABLE_MODULES = YES;
				CLANG_ENABLE_OBJC_ARC = YES;
				CLANG_WARN_BOOL_CONVERSION = YES;
				CLANG_WARN_CONSTANT_CONVERSION = YES;
				CLANG_WARN_DIRECT_OBJC_ISA_USAGE = YES_ERROR;
				CLANG_WARN_DOCUMENTATION_COMMENTS = YES;
				CLANG_WARN_EMPTY_BODY = YES;
				CLANG_WARN_ENUM_CONVERSION = YES;
				CLANG_WARN_INFINITE_RECURSION = YES;
				CLANG_WARN_INT_CONVERSION = YES;
				CLANG_WARN_OBJC_ROOT_CLASS = YES_ERROR;
				CLANG_WARN_SUSPICIOUS_MOVES = YES;
				CLANG_WARN_UNREACHABLE_CODE = YES;
				CLANG_WARN__DUPLICATE_METHOD_MATCH = YES;
				"CODE_SIGN_IDENTITY[sdk=iphoneos*]" = "iPhone Developer";
				COPY_PHASE_STRIP = NO;
				DEBUG_INFORMATION_FORMAT = "dwarf-with-dsym";
				ENABLE_NS_ASSERTIONS = NO;
				ENABLE_STRICT_OBJC_MSGSEND = YES;
				GCC_C_LANGUAGE_STANDARD = gnu99;
				GCC_NO_COMMON_BLOCKS = YES;
				GCC_WARN_64_TO_32_BIT_CONVERSION = YES;
				GCC_WARN_ABOUT_RETURN_TYPE = YES_ERROR;
				GCC_WARN_UNDECLARED_SELECTOR = YES;
				GCC_WARN_UNINITIALIZED_AUTOS = YES_AGGRESSIVE;
				GCC_WARN_UNUSED_FUNCTION = YES;
				GCC_WARN_UNUSED_VARIABLE = YES;
				IPHONEOS_DEPLOYMENT_TARGET = 10.1;
				MTL_ENABLE_DEBUG_INFO = NO;
				SDKROOT = iphoneos;
				SWIFT_OPTIMIZATION_LEVEL = "-Owholemodule";
				VALIDATE_PRODUCT = YES;
			};
			name = Release;
		};
		D60AE5151E2395E800A854B6 /* Debug */ = {
			isa = XCBuildConfiguration;
			baseConfigurationReference = 8B662D755B8C1A63F52E0203 /* Pods-SwiftMars.debug.xcconfig */;
			buildSettings = {
				ASSETCATALOG_COMPILER_APPICON_NAME = AppIcon;
				DEVELOPMENT_TEAM = HD29GU94HU;
				INFOPLIST_FILE = SwiftMars/Info.plist;
				LD_RUNPATH_SEARCH_PATHS = "$(inherited) @executable_path/Frameworks";
				PRODUCT_BUNDLE_IDENTIFIER = com.Personal.SwiftMars;
				PRODUCT_NAME = "$(TARGET_NAME)";
				SWIFT_VERSION = 3.0;
			};
			name = Debug;
		};
		D60AE5161E2395E800A854B6 /* Release */ = {
			isa = XCBuildConfiguration;
			baseConfigurationReference = EE820D739321FF644A4D0F71 /* Pods-SwiftMars.release.xcconfig */;
			buildSettings = {
				ASSETCATALOG_COMPILER_APPICON_NAME = AppIcon;
				DEVELOPMENT_TEAM = HD29GU94HU;
				INFOPLIST_FILE = SwiftMars/Info.plist;
				LD_RUNPATH_SEARCH_PATHS = "$(inherited) @executable_path/Frameworks";
				PRODUCT_BUNDLE_IDENTIFIER = com.Personal.SwiftMars;
				PRODUCT_NAME = "$(TARGET_NAME)";
				SWIFT_VERSION = 3.0;
			};
			name = Release;
		};
/* End XCBuildConfiguration section */

/* Begin XCConfigurationList section */
		D60AE4FD1E2395E800A854B6 /* Build configuration list for PBXProject "SwiftMars" */ = {
			isa = XCConfigurationList;
			buildConfigurations = (
				D60AE5121E2395E800A854B6 /* Debug */,
				D60AE5131E2395E800A854B6 /* Release */,
			);
			defaultConfigurationIsVisible = 0;
			defaultConfigurationName = Release;
		};
		D60AE5141E2395E800A854B6 /* Build configuration list for PBXNativeTarget "SwiftMars" */ = {
			isa = XCConfigurationList;
			buildConfigurations = (
				D60AE5151E2395E800A854B6 /* Debug */,
				D60AE5161E2395E800A854B6 /* Release */,
			);
			defaultConfigurationIsVisible = 0;
			defaultConfigurationName = Release;
		};
/* End XCConfigurationList section */
	};
	rootObject = D60AE4FA1E2395E800A854B6 /* Project object */;
}
